<?xml version="1.0" encoding="utf-8"?>
<Project ToolsVersion="4.0" xmlns="http://schemas.microsoft.com/developer/msbuild/2003">
  <ItemGroup>
    <Filter Include="Source Files">
      <UniqueIdentifier>{4FC737F1-C7A5-4376-A066-2A32D752A2FF}</UniqueIdentifier>
      <Extensions>cpp;c;cc;cxx;def;odl;idl;hpj;bat;asm;asmx</Extensions>
    </Filter>
    <Filter Include="Header Files">
      <UniqueIdentifier>{93995380-89BD-4b04-88EB-625FBE52EBFB}</UniqueIdentifier>
      <Extensions>h;hh;hpp;hxx;hm;inl;inc;xsd</Extensions>
    </Filter>
    <Filter Include="Resource Files">
      <UniqueIdentifier>{67DA6AB6-F800-4c08-8B7A-83BB121AAD01}</UniqueIdentifier>
      <Extensions>rc;ico;cur;bmp;dlg;rc2;rct;bin;rgs;gif;jpg;jpeg;jpe;resx;tiff;tif;png;wav;mfcribbon-ms</Extensions>
    </Filter>
    <Filter Include="Header Files\Tiles">
      <UniqueIdentifier>{d8594605-5bea-44bd-b45b-27eb92ebdd5e}</UniqueIdentifier>
    </Filter>
    <Filter Include="Source Files\Tiles">
      <UniqueIdentifier>{7532cd6f-6011-4e20-a28c-becad497da0f}</UniqueIdentifier>
    </Filter>
  </ItemGroup>
  <ItemGroup>
    <ClCompile Include="field.cpp">
      <Filter>Source Files</Filter>
    </ClCompile>
    <ClCompile Include="game.cpp">
      <Filter>Source Files</Filter>
    </ClCompile>
    <ClCompile Include="main.cpp">
      <Filter>Source Files</Filter>
    </ClCompile>
    <ClCompile Include="T1.cpp">
      <Filter>Source Files\Tiles</Filter>
    </ClCompile>
    <ClCompile Include="T2.cpp">
      <Filter>Source Files\Tiles</Filter>
    </ClCompile>
    <ClCompile Include="T3.cpp">
      <Filter>Source Files\Tiles</Filter>
    </ClCompile>
    <ClCompile Include="T4.cpp">
      <Filter>Source Files\Tiles</Filter>
    </ClCompile>
    <ClCompile Include="T5.cpp">
      <Filter>Source Files\Tiles</Filter>
    </ClCompile>
    <ClCompile Include="T6.cpp">
      <Filter>Source Files\Tiles</Filter>
    </ClCompile>
    <ClCompile Include="T7.cpp">
      <Filter>Source Files\Tiles</Filter>
    </ClCompile>
    <ClCompile Include="T8.cpp">
      <Filter>Source Files\Tiles</Filter>
    </ClCompile>
    <ClCompile Include="T9.cpp">
      <Filter>Source Files\Tiles</Filter>
    </ClCompile>
    <ClCompile Include="T10.cpp">
      <Filter>Source Files\Tiles</Filter>
    </ClCompile>
    <ClCompile Include="T11.cpp">
      <Filter>Source Files\Tiles</Filter>
    </ClCompile>
    <ClCompile Include="T12.cpp">
      <Filter>Source Files\Tiles</Filter>
    </ClCompile>
    <ClCompile Include="T13.cpp">
      <Filter>Source Files\Tiles</Filter>
    </ClCompile>
    <ClCompile Include="T14.cpp">
      <Filter>Source Files\Tiles</Filter>
    </ClCompile>
    <ClCompile Include="T15.cpp">
      <Filter>Source Files\Tiles</Filter>
    </ClCompile>
    <ClCompile Include="T16.cpp">
      <Filter>Source Files\Tiles</Filter>
    </ClCompile>
    <ClCompile Include="T17.cpp">
      <Filter>Source Files\Tiles</Filter>
    </ClCompile>
    <ClCompile Include="T18.cpp">
      <Filter>Source Files\Tiles</Filter>
    </ClCompile>
    <ClCompile Include="T19.cpp">
      <Filter>Source Files\Tiles</Filter>
    </ClCompile>
    <ClCompile Include="T20.cpp">
      <Filter>Source Files\Tiles</Filter>
    </ClCompile>
    <ClCompile Include="T21.cpp">
      <Filter>Source Files\Tiles</Filter>
    </ClCompile>
    <ClCompile Include="T22.cpp">
      <Filter>Source Files\Tiles</Filter>
    </ClCompile>
    <ClCompile Include="T23.cpp">
      <Filter>Source Files\Tiles</Filter>
    </ClCompile>
    <ClCompile Include="T24.cpp">
      <Filter>Source Files\Tiles</Filter>
    </ClCompile>
    <ClCompile Include="T25.cpp">
      <Filter>Source Files\Tiles</Filter>
    </ClCompile>
    <ClCompile Include="T26.cpp">
      <Filter>Source Files\Tiles</Filter>
    </ClCompile>
    <ClCompile Include="T27.cpp">
      <Filter>Source Files\Tiles</Filter>
    </ClCompile>
    <ClCompile Include="T28.cpp">
      <Filter>Source Files\Tiles</Filter>
    </ClCompile>
    <ClCompile Include="T29.cpp">
      <Filter>Source Files\Tiles</Filter>
    </ClCompile>
    <ClCompile Include="T30.cpp">
      <Filter>Source Files\Tiles</Filter>
    </ClCompile>
    <ClCompile Include="T31.cpp">
      <Filter>Source Files\Tiles</Filter>
    </ClCompile>
    <ClCompile Include="T32.cpp">
      <Filter>Source Files\Tiles</Filter>
    </ClCompile>
    <ClCompile Include="T33.cpp">
      <Filter>Source Files\Tiles</Filter>
    </ClCompile>
    <ClCompile Include="T34.cpp">
      <Filter>Source Files\Tiles</Filter>
    </ClCompile>
    <ClCompile Include="T35.cpp">
      <Filter>Source Files\Tiles</Filter>
    </ClCompile>
    <ClCompile Include="T36.cpp">
      <Filter>Source Files\Tiles</Filter>
    </ClCompile>
    <ClCompile Include="T37.cpp">
      <Filter>Source Files\Tiles</Filter>
    </ClCompile>
    <ClCompile Include="T38.cpp">
      <Filter>Source Files\Tiles</Filter>
    </ClCompile>
    <ClCompile Include="T39.cpp">
      <Filter>Source Files\Tiles</Filter>
    </ClCompile>
    <ClCompile Include="T40.cpp">
      <Filter>Source Files\Tiles</Filter>
    </ClCompile>
    <ClCompile Include="T41.cpp">
      <Filter>Source Files\Tiles</Filter>
    </ClCompile>
    <ClCompile Include="T42.cpp">
      <Filter>Source Files\Tiles</Filter>
    </ClCompile>
    <ClCompile Include="T43.cpp">
      <Filter>Source Files\Tiles</Filter>
    </ClCompile>
    <ClCompile Include="T44.cpp">
      <Filter>Source Files\Tiles</Filter>
    </ClCompile>
    <ClCompile Include="T45.cpp">
      <Filter>Source Files\Tiles</Filter>
    </ClCompile>
    <ClCompile Include="T46.cpp">
      <Filter>Source Files\Tiles</Filter>
    </ClCompile>
    <ClCompile Include="T47.cpp">
      <Filter>Source Files\Tiles</Filter>
    </ClCompile>
    <ClCompile Include="T48.cpp">
      <Filter>Source Files\Tiles</Filter>
    </ClCompile>
    <ClCompile Include="T49.cpp">
      <Filter>Source Files\Tiles</Filter>
    </ClCompile>
    <ClCompile Include="T50.cpp">
      <Filter>Source Files\Tiles</Filter>
    </ClCompile>
    <ClCompile Include="T51.cpp">
      <Filter>Source Files\Tiles</Filter>
    </ClCompile>
    <ClCompile Include="T52.cpp">
      <Filter>Source Files\Tiles</Filter>
    </ClCompile>
    <ClCompile Include="T53.cpp">
      <Filter>Source Files\Tiles</Filter>
    </ClCompile>
    <ClCompile Include="T54.cpp">
      <Filter>Source Files\Tiles</Filter>
    </ClCompile>
    <ClCompile Include="T55.cpp">
      <Filter>Source Files\Tiles</Filter>
    </ClCompile>
    <ClCompile Include="T56.cpp">
      <Filter>Source Files\Tiles</Filter>
    </ClCompile>
    <ClCompile Include="T57.cpp">
      <Filter>Source Files\Tiles</Filter>
    </ClCompile>
    <ClCompile Include="T58.cpp">
      <Filter>Source Files\Tiles</Filter>
    </ClCompile>
    <ClCompile Include="T59.cpp">
      <Filter>Source Files\Tiles</Filter>
    </ClCompile>
    <ClCompile Include="T60.cpp">
      <Filter>Source Files\Tiles</Filter>
    </ClCompile>
    <ClCompile Include="T61.cpp">
      <Filter>Source Files\Tiles</Filter>
    </ClCompile>
    <ClCompile Include="T62.cpp">
      <Filter>Source Files\Tiles</Filter>
    </ClCompile>
    <ClCompile Include="T63.cpp">
      <Filter>Source Files\Tiles</Filter>
    </ClCompile>
    <ClCompile Include="T64.cpp">
      <Filter>Source Files\Tiles</Filter>
    </ClCompile>
    <ClCompile Include="T65.cpp">
      <Filter>Source Files\Tiles</Filter>
    </ClCompile>
    <ClCompile Include="T66.cpp">
      <Filter>Source Files\Tiles</Filter>
    </ClCompile>
    <ClCompile Include="T67.cpp">
      <Filter>Source Files\Tiles</Filter>
    </ClCompile>
    <ClCompile Include="T68.cpp">
      <Filter>Source Files\Tiles</Filter>
    </ClCompile>
    <ClCompile Include="T69.cpp">
      <Filter>Source Files\Tiles</Filter>
    </ClCompile>
    <ClCompile Include="T70.cpp">
      <Filter>Source Files\Tiles</Filter>
    </ClCompile>
    <ClCompile Include="T71.cpp">
      <Filter>Source Files\Tiles</Filter>
    </ClCompile>
    <ClCompile Include="T72.cpp">
      <Filter>Source Files\Tiles</Filter>
    </ClCompile>
    <ClCompile Include="T73.cpp">
      <Filter>Source Files\Tiles</Filter>
    </ClCompile>
    <ClCompile Include="T74.cpp">
      <Filter>Source Files\Tiles</Filter>
    </ClCompile>
    <ClCompile Include="T75.cpp">
      <Filter>Source Files\Tiles</Filter>
    </ClCompile>
    <ClCompile Include="T76.cpp">
      <Filter>Source Files\Tiles</Filter>
    </ClCompile>
    <ClCompile Include="T77.cpp">
      <Filter>Source Files\Tiles</Filter>
    </ClCompile>
    <ClCompile Include="T78.cpp">
      <Filter>Source Files\Tiles</Filter>
    </ClCompile>
    <ClCompile Include="T79.cpp">
      <Filter>Source Files\Tiles</Filter>
    </ClCompile>
    <ClCompile Include="T80.cpp">
      <Filter>Source Files\Tiles</Filter>
    </ClCompile>
    <ClCompile Include="T81.cpp">
      <Filter>Source Files\Tiles</Filter>
    </ClCompile>
    <ClCompile Include="T82.cpp">
      <Filter>Source Files\Tiles</Filter>
    </ClCompile>
    <ClCompile Include="T83.cpp">
      <Filter>Source Files\Tiles</Filter>
    </ClCompile>
    <ClCompile Include="T84.cpp">
      <Filter>Source Files\Tiles</Filter>
    </ClCompile>
    <ClCompile Include="T85.cpp">
      <Filter>Source Files\Tiles</Filter>
    </ClCompile>
    <ClCompile Include="T86.cpp">
      <Filter>Source Files\Tiles</Filter>
    </ClCompile>
    <ClCompile Include="T87.cpp">
      <Filter>Source Files\Tiles</Filter>
    </ClCompile>
    <ClCompile Include="T88.cpp">
      <Filter>Source Files\Tiles</Filter>
    </ClCompile>
    <ClCompile Include="T89.cpp">
      <Filter>Source Files\Tiles</Filter>
    </ClCompile>
    <ClCompile Include="T90.cpp">
      <Filter>Source Files\Tiles</Filter>
    </ClCompile>
    <ClCompile Include="T91.cpp">
      <Filter>Source Files\Tiles</Filter>
    </ClCompile>
    <ClCompile Include="T92.cpp">
      <Filter>Source Files\Tiles</Filter>
    </ClCompile>
    <ClCompile Include="T93.cpp">
      <Filter>Source Files\Tiles</Filter>
    </ClCompile>
    <ClCompile Include="T94.cpp">
      <Filter>Source Files\Tiles</Filter>
    </ClCompile>
    <ClCompile Include="T95.cpp">
      <Filter>Source Files\Tiles</Filter>
    </ClCompile>
    <ClCompile Include="T96.cpp">
      <Filter>Source Files\Tiles</Filter>
    </ClCompile>
    <ClCompile Include="T97.cpp">
      <Filter>Source Files\Tiles</Filter>
    </ClCompile>
    <ClCompile Include="T98.cpp">
      <Filter>Source Files\Tiles</Filter>
    </ClCompile>
    <ClCompile Include="T99.cpp">
      <Filter>Source Files\Tiles</Filter>
    </ClCompile>
    <ClCompile Include="T100.cpp">
      <Filter>Source Files\Tiles</Filter>
    </ClCompile>
    <ClCompile Include="T101.cpp">
      <Filter>Source Files\Tiles</Filter>
    </ClCompile>
    <ClCompile Include="T102.cpp">
      <Filter>Source Files\Tiles</Filter>
    </ClCompile>
    <ClCompile Include="T103.cpp">
      <Filter>Source Files\Tiles</Filter>
    </ClCompile>
    <ClCompile Include="T104.cpp">
      <Filter>Source Files\Tiles</Filter>
    </ClCompile>
    <ClCompile Include="T105.cpp">
      <Filter>Source Files\Tiles</Filter>
    </ClCompile>
    <ClCompile Include="T106.cpp">
      <Filter>Source Files\Tiles</Filter>
    </ClCompile>
    <ClCompile Include="T107.cpp">
      <Filter>Source Files\Tiles</Filter>
    </ClCompile>
    <ClCompile Include="T108.cpp">
      <Filter>Source Files\Tiles</Filter>
    </ClCompile>
    <ClCompile Include="T109.cpp">
      <Filter>Source Files\Tiles</Filter>
    </ClCompile>
    <ClCompile Include="T110.cpp">
      <Filter>Source Files\Tiles</Filter>
    </ClCompile>
    <ClCompile Include="T111.cpp">
      <Filter>Source Files\Tiles</Filter>
    </ClCompile>
    <ClCompile Include="T112.cpp">
      <Filter>Source Files\Tiles</Filter>
    </ClCompile>
    <ClCompile Include="T113.cpp">
      <Filter>Source Files\Tiles</Filter>
    </ClCompile>
    <ClCompile Include="T114.cpp">
      <Filter>Source Files\Tiles</Filter>
    </ClCompile>
    <ClCompile Include="T115.cpp">
      <Filter>Source Files\Tiles</Filter>
    </ClCompile>
    <ClCompile Include="T116.cpp">
      <Filter>Source Files\Tiles</Filter>
    </ClCompile>
    <ClCompile Include="T117.cpp">
      <Filter>Source Files\Tiles</Filter>
    </ClCompile>
    <ClCompile Include="T118.cpp">
      <Filter>Source Files\Tiles</Filter>
    </ClCompile>
    <ClCompile Include="T119.cpp">
      <Filter>Source Files\Tiles</Filter>
    </ClCompile>
    <ClCompile Include="T120.cpp">
      <Filter>Source Files\Tiles</Filter>
    </ClCompile>
    <ClCompile Include="T121.cpp">
      <Filter>Source Files\Tiles</Filter>
    </ClCompile>
    <ClCompile Include="T122.cpp">
      <Filter>Source Files\Tiles</Filter>
    </ClCompile>
    <ClCompile Include="T123.cpp">
      <Filter>Source Files\Tiles</Filter>
    </ClCompile>
    <ClCompile Include="T124.cpp">
      <Filter>Source Files\Tiles</Filter>
    </ClCompile>
    <ClCompile Include="T125.cpp">
      <Filter>Source Files\Tiles</Filter>
    </ClCompile>
    <ClCompile Include="T126.cpp">
      <Filter>Source Files\Tiles</Filter>
    </ClCompile>
    <ClCompile Include="T127.cpp">
      <Filter>Source Files\Tiles</Filter>
    </ClCompile>
    <ClCompile Include="T128.cpp">
      <Filter>Source Files\Tiles</Filter>
    </ClCompile>
    <ClCompile Include="T129.cpp">
      <Filter>Source Files\Tiles</Filter>
    </ClCompile>
    <ClCompile Include="T130.cpp">
      <Filter>Source Files\Tiles</Filter>
    </ClCompile>
    <ClCompile Include="T131.cpp">
      <Filter>Source Files\Tiles</Filter>
    </ClCompile>
    <ClCompile Include="T132.cpp">
      <Filter>Source Files\Tiles</Filter>
    </ClCompile>
    <ClCompile Include="T133.cpp">
      <Filter>Source Files\Tiles</Filter>
    </ClCompile>
    <ClCompile Include="T134.cpp">
      <Filter>Source Files\Tiles</Filter>
    </ClCompile>
    <ClCompile Include="T135.cpp">
      <Filter>Source Files\Tiles</Filter>
    </ClCompile>
    <ClCompile Include="T136.cpp">
      <Filter>Source Files\Tiles</Filter>
    </ClCompile>
    <ClCompile Include="T137.cpp">
      <Filter>Source Files\Tiles</Filter>
    </ClCompile>
    <ClCompile Include="T138.cpp">
      <Filter>Source Files\Tiles</Filter>
    </ClCompile>
    <ClCompile Include="T139.cpp">
      <Filter>Source Files\Tiles</Filter>
    </ClCompile>
    <ClCompile Include="T140.cpp">
      <Filter>Source Files\Tiles</Filter>
    </ClCompile>
    <ClCompile Include="T141.cpp">
      <Filter>Source Files\Tiles</Filter>
    </ClCompile>
    <ClCompile Include="T142.cpp">
      <Filter>Source Files\Tiles</Filter>
    </ClCompile>
    <ClCompile Include="T143.cpp">
      <Filter>Source Files\Tiles</Filter>
    </ClCompile>
    <ClCompile Include="T144.cpp">
      <Filter>Source Files\Tiles</Filter>
    </ClCompile>
    <ClCompile Include="T145.cpp">
      <Filter>Source Files\Tiles</Filter>
    </ClCompile>
    <ClCompile Include="T146.cpp">
      <Filter>Source Files\Tiles</Filter>
    </ClCompile>
    <ClCompile Include="T147.cpp">
      <Filter>Source Files\Tiles</Filter>
    </ClCompile>
    <ClCompile Include="T148.cpp">
      <Filter>Source Files\Tiles</Filter>
    </ClCompile>
    <ClCompile Include="T149.cpp">
      <Filter>Source Files\Tiles</Filter>
    </ClCompile>
    <ClCompile Include="T150.cpp">
      <Filter>Source Files\Tiles</Filter>
    </ClCompile>
  </ItemGroup>
  <ItemGroup>
    <ClInclude Include="field.h">
      <Filter>Header Files</Filter>
    </ClInclude>
    <ClInclude Include="game.h">
      <Filter>Header Files</Filter>
    </ClInclude>
    <ClInclude Include="group-defines.h">
      <Filter>Header Files</Filter>
    </ClInclude>
    <ClInclude Include="group-headers.h">
      <Filter>Header Files</Filter>
    </ClInclude>
    <ClInclude Include="testfield.h">
      <Filter>Header Files</Filter>
    </ClInclude>
    <ClInclude Include="T1.h">
      <Filter>Header Files\Tiles</Filter>
    </ClInclude>
    <ClInclude Include="T2.h">
      <Filter>Header Files\Tiles</Filter>
    </ClInclude>
    <ClInclude Include="T3.h">
      <Filter>Header Files\Tiles</Filter>
    </ClInclude>
    <ClInclude Include="T4.h">
      <Filter>Header Files\Tiles</Filter>
    </ClInclude>
    <ClInclude Include="T5.h">
      <Filter>Header Files\Tiles</Filter>
    </ClInclude>
    <ClInclude Include="T6.h">
      <Filter>Header Files\Tiles</Filter>
    </ClInclude>
    <ClInclude Include="T7.h">
      <Filter>Header Files\Tiles</Filter>
    </ClInclude>
    <ClInclude Include="T8.h">
      <Filter>Header Files\Tiles</Filter>
    </ClInclude>
    <ClInclude Include="T9.h">
      <Filter>Header Files\Tiles</Filter>
    </ClInclude>
    <ClInclude Include="T10.h">
      <Filter>Header Files\Tiles</Filter>
    </ClInclude>
    <ClInclude Include="T11.h">
      <Filter>Header Files\Tiles</Filter>
    </ClInclude>
    <ClInclude Include="T12.h">
      <Filter>Header Files\Tiles</Filter>
    </ClInclude>
    <ClInclude Include="T13.h">
      <Filter>Header Files\Tiles</Filter>
    </ClInclude>
    <ClInclude Include="T14.h">
      <Filter>Header Files\Tiles</Filter>
    </ClInclude>
    <ClInclude Include="T15.h">
      <Filter>Header Files\Tiles</Filter>
    </ClInclude>
    <ClInclude Include="T16.h">
      <Filter>Header Files\Tiles</Filter>
    </ClInclude>
    <ClInclude Include="T17.h">
      <Filter>Header Files\Tiles</Filter>
    </ClInclude>
    <ClInclude Include="T18.h">
      <Filter>Header Files\Tiles</Filter>
    </ClInclude>
    <ClInclude Include="T19.h">
      <Filter>Header Files\Tiles</Filter>
    </ClInclude>
    <ClInclude Include="T20.h">
      <Filter>Header Files\Tiles</Filter>
    </ClInclude>
    <ClInclude Include="T21.h">
      <Filter>Header Files\Tiles</Filter>
    </ClInclude>
    <ClInclude Include="T22.h">
      <Filter>Header Files\Tiles</Filter>
    </ClInclude>
    <ClInclude Include="T23.h">
      <Filter>Header Files\Tiles</Filter>
    </ClInclude>
    <ClInclude Include="T24.h">
      <Filter>Header Files\Tiles</Filter>
    </ClInclude>
    <ClInclude Include="T25.h">
      <Filter>Header Files\Tiles</Filter>
    </ClInclude>
    <ClInclude Include="T26.h">
      <Filter>Header Files\Tiles</Filter>
    </ClInclude>
    <ClInclude Include="T27.h">
      <Filter>Header Files\Tiles</Filter>
    </ClInclude>
    <ClInclude Include="T28.h">
      <Filter>Header Files\Tiles</Filter>
    </ClInclude>
    <ClInclude Include="T29.h">
      <Filter>Header Files\Tiles</Filter>
    </ClInclude>
    <ClInclude Include="T30.h">
      <Filter>Header Files\Tiles</Filter>
    </ClInclude>
    <ClInclude Include="T31.h">
      <Filter>Header Files\Tiles</Filter>
    </ClInclude>
    <ClInclude Include="T32.h">
      <Filter>Header Files\Tiles</Filter>
    </ClInclude>
    <ClInclude Include="T33.h">
      <Filter>Header Files\Tiles</Filter>
    </ClInclude>
    <ClInclude Include="T34.h">
      <Filter>Header Files\Tiles</Filter>
    </ClInclude>
    <ClInclude Include="T35.h">
      <Filter>Header Files\Tiles</Filter>
    </ClInclude>
    <ClInclude Include="T36.h">
      <Filter>Header Files\Tiles</Filter>
    </ClInclude>
    <ClInclude Include="T37.h">
      <Filter>Header Files\Tiles</Filter>
    </ClInclude>
    <ClInclude Include="T38.h">
      <Filter>Header Files\Tiles</Filter>
    </ClInclude>
    <ClInclude Include="T39.h">
      <Filter>Header Files\Tiles</Filter>
    </ClInclude>
    <ClInclude Include="T40.h">
      <Filter>Header Files\Tiles</Filter>
    </ClInclude>
    <ClInclude Include="T41.h">
      <Filter>Header Files\Tiles</Filter>
    </ClInclude>
    <ClInclude Include="T42.h">
      <Filter>Header Files\Tiles</Filter>
    </ClInclude>
    <ClInclude Include="T43.h">
      <Filter>Header Files\Tiles</Filter>
    </ClInclude>
    <ClInclude Include="T44.h">
      <Filter>Header Files\Tiles</Filter>
    </ClInclude>
    <ClInclude Include="T45.h">
      <Filter>Header Files\Tiles</Filter>
    </ClInclude>
    <ClInclude Include="T46.h">
      <Filter>Header Files\Tiles</Filter>
    </ClInclude>
    <ClInclude Include="T47.h">
      <Filter>Header Files\Tiles</Filter>
    </ClInclude>
    <ClInclude Include="T48.h">
      <Filter>Header Files\Tiles</Filter>
    </ClInclude>
    <ClInclude Include="T49.h">
      <Filter>Header Files\Tiles</Filter>
    </ClInclude>
    <ClInclude Include="T50.h">
      <Filter>Header Files\Tiles</Filter>
    </ClInclude>
    <ClInclude Include="T51.h">
      <Filter>Header Files\Tiles</Filter>
    </ClInclude>
    <ClInclude Include="T52.h">
      <Filter>Header Files\Tiles</Filter>
    </ClInclude>
    <ClInclude Include="T53.h">
      <Filter>Header Files\Tiles</Filter>
    </ClInclude>
    <ClInclude Include="T54.h">
      <Filter>Header Files\Tiles</Filter>
    </ClInclude>
    <ClInclude Include="T55.h">
      <Filter>Header Files\Tiles</Filter>
    </ClInclude>
    <ClInclude Include="T56.h">
      <Filter>Header Files\Tiles</Filter>
    </ClInclude>
    <ClInclude Include="T57.h">
      <Filter>Header Files\Tiles</Filter>
    </ClInclude>
    <ClInclude Include="T58.h">
      <Filter>Header Files\Tiles</Filter>
    </ClInclude>
    <ClInclude Include="T59.h">
      <Filter>Header Files\Tiles</Filter>
    </ClInclude>
    <ClInclude Include="T60.h">
      <Filter>Header Files\Tiles</Filter>
    </ClInclude>
    <ClInclude Include="T61.h">
      <Filter>Header Files\Tiles</Filter>
    </ClInclude>
    <ClInclude Include="T62.h">
      <Filter>Header Files\Tiles</Filter>
    </ClInclude>
    <ClInclude Include="T63.h">
      <Filter>Header Files\Tiles</Filter>
    </ClInclude>
    <ClInclude Include="T64.h">
      <Filter>Header Files\Tiles</Filter>
    </ClInclude>
    <ClInclude Include="T65.h">
      <Filter>Header Files\Tiles</Filter>
    </ClInclude>
    <ClInclude Include="T66.h">
      <Filter>Header Files\Tiles</Filter>
    </ClInclude>
    <ClInclude Include="T67.h">
      <Filter>Header Files\Tiles</Filter>
    </ClInclude>
    <ClInclude Include="T68.h">
      <Filter>Header Files\Tiles</Filter>
    </ClInclude>
    <ClInclude Include="T69.h">
      <Filter>Header Files\Tiles</Filter>
    </ClInclude>
    <ClInclude Include="T70.h">
      <Filter>Header Files\Tiles</Filter>
    </ClInclude>
    <ClInclude Include="T71.h">
      <Filter>Header Files\Tiles</Filter>
    </ClInclude>
    <ClInclude Include="T72.h">
      <Filter>Header Files\Tiles</Filter>
    </ClInclude>
    <ClInclude Include="T73.h">
      <Filter>Header Files\Tiles</Filter>
    </ClInclude>
    <ClInclude Include="T74.h">
      <Filter>Header Files\Tiles</Filter>
    </ClInclude>
    <ClInclude Include="T75.h">
      <Filter>Header Files\Tiles</Filter>
    </ClInclude>
    <ClInclude Include="T76.h">
      <Filter>Header Files\Tiles</Filter>
    </ClInclude>
    <ClInclude Include="T77.h">
      <Filter>Header Files\Tiles</Filter>
    </ClInclude>
    <ClInclude Include="T78.h">
      <Filter>Header Files\Tiles</Filter>
    </ClInclude>
    <ClInclude Include="T79.h">
      <Filter>Header Files\Tiles</Filter>
    </ClInclude>
    <ClInclude Include="T80.h">
      <Filter>Header Files\Tiles</Filter>
    </ClInclude>
    <ClInclude Include="T81.h">
      <Filter>Header Files\Tiles</Filter>
    </ClInclude>
    <ClInclude Include="T82.h">
      <Filter>Header Files\Tiles</Filter>
    </ClInclude>
    <ClInclude Include="T83.h">
      <Filter>Header Files\Tiles</Filter>
    </ClInclude>
    <ClInclude Include="T84.h">
      <Filter>Header Files\Tiles</Filter>
    </ClInclude>
    <ClInclude Include="T85.h">
      <Filter>Header Files\Tiles</Filter>
    </ClInclude>
    <ClInclude Include="T86.h">
      <Filter>Header Files\Tiles</Filter>
    </ClInclude>
    <ClInclude Include="T87.h">
      <Filter>Header Files\Tiles</Filter>
    </ClInclude>
    <ClInclude Include="T88.h">
      <Filter>Header Files\Tiles</Filter>
    </ClInclude>
    <ClInclude Include="T89.h">
      <Filter>Header Files\Tiles</Filter>
    </ClInclude>
    <ClInclude Include="T90.h">
      <Filter>Header Files\Tiles</Filter>
    </ClInclude>
    <ClInclude Include="T91.h">
      <Filter>Header Files\Tiles</Filter>
    </ClInclude>
    <ClInclude Include="T92.h">
      <Filter>Header Files\Tiles</Filter>
    </ClInclude>
    <ClInclude Include="T93.h">
      <Filter>Header Files\Tiles</Filter>
    </ClInclude>
    <ClInclude Include="T94.h">
      <Filter>Header Files\Tiles</Filter>
    </ClInclude>
    <ClInclude Include="T95.h">
      <Filter>Header Files\Tiles</Filter>
    </ClInclude>
    <ClInclude Include="T96.h">
      <Filter>Header Files\Tiles</Filter>
    </ClInclude>
    <ClInclude Include="T97.h">
      <Filter>Header Files\Tiles</Filter>
    </ClInclude>
    <ClInclude Include="T98.h">
      <Filter>Header Files\Tiles</Filter>
    </ClInclude>
    <ClInclude Include="T99.h">
      <Filter>Header Files\Tiles</Filter>
    </ClInclude>
    <ClInclude Include="T100.h">
      <Filter>Header Files\Tiles</Filter>
    </ClInclude>
    <ClInclude Include="T101.h">
      <Filter>Header Files\Tiles</Filter>
    </ClInclude>
    <ClInclude Include="T102.h">
      <Filter>Header Files\Tiles</Filter>
    </ClInclude>
    <ClInclude Include="T103.h">
      <Filter>Header Files\Tiles</Filter>
    </ClInclude>
    <ClInclude Include="T104.h">
      <Filter>Header Files\Tiles</Filter>
    </ClInclude>
    <ClInclude Include="T105.h">
      <Filter>Header Files\Tiles</Filter>
    </ClInclude>
    <ClInclude Include="T106.h">
      <Filter>Header Files\Tiles</Filter>
    </ClInclude>
    <ClInclude Include="T107.h">
      <Filter>Header Files\Tiles</Filter>
    </ClInclude>
    <ClInclude Include="T108.h">
      <Filter>Header Files\Tiles</Filter>
    </ClInclude>
    <ClInclude Include="T109.h">
      <Filter>Header Files\Tiles</Filter>
    </ClInclude>
    <ClInclude Include="T110.h">
      <Filter>Header Files\Tiles</Filter>
    </ClInclude>
    <ClInclude Include="T111.h">
      <Filter>Header Files\Tiles</Filter>
    </ClInclude>
    <ClInclude Include="T112.h">
      <Filter>Header Files\Tiles</Filter>
    </ClInclude>
    <ClInclude Include="T113.h">
      <Filter>Header Files\Tiles</Filter>
    </ClInclude>
    <ClInclude Include="T114.h">
      <Filter>Header Files\Tiles</Filter>
    </ClInclude>
    <ClInclude Include="T115.h">
      <Filter>Header Files\Tiles</Filter>
    </ClInclude>
    <ClInclude Include="T116.h">
      <Filter>Header Files\Tiles</Filter>
    </ClInclude>
    <ClInclude Include="T117.h">
      <Filter>Header Files\Tiles</Filter>
    </ClInclude>
    <ClInclude Include="T118.h">
      <Filter>Header Files\Tiles</Filter>
    </ClInclude>
    <ClInclude Include="T119.h">
      <Filter>Header Files\Tiles</Filter>
    </ClInclude>
    <ClInclude Include="T120.h">
      <Filter>Header Files\Tiles</Filter>
    </ClInclude>
    <ClInclude Include="T121.h">
      <Filter>Header Files\Tiles</Filter>
    </ClInclude>
    <ClInclude Include="T122.h">
      <Filter>Header Files\Tiles</Filter>
    </ClInclude>
    <ClInclude Include="T123.h">
      <Filter>Header Files\Tiles</Filter>
    </ClInclude>
    <ClInclude Include="T124.h">
      <Filter>Header Files\Tiles</Filter>
    </ClInclude>
    <ClInclude Include="T125.h">
      <Filter>Header Files\Tiles</Filter>
    </ClInclude>
    <ClInclude Include="T126.h">
      <Filter>Header Files\Tiles</Filter>
    </ClInclude>
    <ClInclude Include="T127.h">
      <Filter>Header Files\Tiles</Filter>
    </ClInclude>
    <ClInclude Include="T128.h">
      <Filter>Header Files\Tiles</Filter>
    </ClInclude>
    <ClInclude Include="T129.h">
      <Filter>Header Files\Tiles</Filter>
    </ClInclude>
    <ClInclude Include="T130.h">
      <Filter>Header Files\Tiles</Filter>
    </ClInclude>
    <ClInclude Include="T131.h">
      <Filter>Header Files\Tiles</Filter>
    </ClInclude>
    <ClInclude Include="T132.h">
      <Filter>Header Files\Tiles</Filter>
    </ClInclude>
    <ClInclude Include="T133.h">
      <Filter>Header Files\Tiles</Filter>
    </ClInclude>
    <ClInclude Include="T134.h">
      <Filter>Header Files\Tiles</Filter>
    </ClInclude>
    <ClInclude Include="T135.h">
      <Filter>Header Files\Tiles</Filter>
    </ClInclude>
    <ClInclude Include="T136.h">
      <Filter>Header Files\Tiles</Filter>
    </ClInclude>
    <ClInclude Include="T137.h">
      <Filter>Header Files\Tiles</Filter>
    </ClInclude>
    <ClInclude Include="T138.h">
      <Filter>Header Files\Tiles</Filter>
    </ClInclude>
    <ClInclude Include="T139.h">
      <Filter>Header Files\Tiles</Filter>
    </ClInclude>
    <ClInclude Include="T140.h">
      <Filter>Header Files\Tiles</Filter>
    </ClInclude>
    <ClInclude Include="T141.h">
      <Filter>Header Files\Tiles</Filter>
    </ClInclude>
    <ClInclude Include="T142.h">
      <Filter>Header Files\Tiles</Filter>
    </ClInclude>
    <ClInclude Include="T143.h">
      <Filter>Header Files\Tiles</Filter>
    </ClInclude>
    <ClInclude Include="T144.h">
      <Filter>Header Files\Tiles</Filter>
    </ClInclude>
    <ClInclude Include="T145.h">
      <Filter>Header Files\Tiles</Filter>
    </ClInclude>
    <ClInclude Include="T146.h">
      <Filter>Header Files\Tiles</Filter>
    </ClInclude>
    <ClInclude Include="T147.h">
      <Filter>Header Files\Tiles</Filter>
    </ClInclude>
    <ClInclude Include="T148.h">
      <Filter>Header Files\Tiles</Filter>
    </ClInclude>
    <ClInclude Include="T149.h">
      <Filter>Header Files\Tiles</Filter>
    </ClInclude>
    <ClInclude Include="T150.h">
      <Filter>Header Files\Tiles</Filter>
    </ClInclude>
  </ItemGroup>
  <ItemGroup>
    <None Include="enigma3d.app\Contents\Resources\field.lvl">
      <Filter>Resource Files</Filter>
    </None>
  </ItemGroup>
  <ItemGroup>
    <Image Include="enigma3d.app\Contents\Resources\expl.png">
      <Filter>Resource Files</Filter>
    </Image>
    <Image Include="enigma3d.app\Contents\Resources\fl-abyss.png">
      <Filter>Resource Files</Filter>
    </Image>
    <Image Include="enigma3d.app\Contents\Resources\fl-acblack.png">
      <Filter>Resource Files</Filter>
    </Image>
    <Image Include="enigma3d.app\Contents\Resources\fl-bridgex-closed.png">
      <Filter>Resource Files</Filter>
    </Image>
    <Image Include="enigma3d.app\Contents\Resources\fl-plank.png">
      <Filter>Resource Files</Filter>
    </Image>
    <Image Include="enigma3d.app\Contents\Resources\ic-marble.png">
      <Filter>Resource Files</Filter>
    </Image>
    <Image Include="enigma3d.app\Contents\Resources\st-blue-sand.png">
      <Filter>Resource Files</Filter>
    </Image>
    <Image Include="enigma3d.app\Contents\Resources\st-oxydd.png">
      <Filter>Resource Files</Filter>
    </Image>
    <Image Include="enigma3d.app\Contents\Resources\st-rock3_cracked.png">
      <Filter>Resource Files</Filter>
    </Image>
  </ItemGroup>
</Project>